
Microsoft Visual Studio Solution File, Format Version 12.00
# Visual Studio 14
VisualStudioVersion = 14.0.25420.1
MinimumVisualStudioVersion = 10.0.40219.1
Project("{FAE04EC0-301F-11D3-BF4B-00C04F79EFBC}") = "ChatWS", "ChatWS\ChatWS.csproj", "{AB6F2224-D03E-4FB8-9316-49B83C273694}"
EndProject
Project("{FAE04EC0-301F-11D3-BF4B-00C04F79EFBC}") = "ChatWeb", "ChatWeb\ChatWeb.csproj", "{B8FAB1D9-50AF-48DA-8B99-09C0B8ED7706}"
EndProject
Project("{FAE04EC0-301F-11D3-BF4B-00C04F79EFBC}") = "ChatDesktop", "ChatDesktop\ChatDesktop.csproj", "{48E3A58A-1BC7-4B01-8E5A-CA170FFC2B60}"
EndProject
Project("{FAE04EC0-301F-11D3-BF4B-00C04F79EFBC}") = "UtilitiesChat", "UtilitiesChat\UtilitiesChat.csproj", "{25A2045B-8263-4E40-8FF9-1E0413CEAB1F}"
EndProject
Global
	GlobalSection(SolutionConfigurationPlatforms) = preSolution
		Debug|Any CPU = Debug|Any CPU
		Release|Any CPU = Release|Any CPU
	EndGlobalSection
	GlobalSection(ProjectConfigurationPlatforms) = postSolution
		{AB6F2224-D03E-4FB8-9316-49B83C273694}.Debug|Any CPU.ActiveCfg = Debug|Any CPU
		{AB6F2224-D03E-4FB8-9316-49B83C273694}.Debug|Any CPU.Build.0 = Debug|Any CPU
		{AB6F2224-D03E-4FB8-9316-49B83C273694}.Release|Any CPU.ActiveCfg = Release|Any CPU
		{AB6F2224-D03E-4FB8-9316-49B83C273694}.Release|Any CPU.Build.0 = Release|Any CPU
		{B8FAB1D9-50AF-48DA-8B99-09C0B8ED7706}.Debug|Any CPU.ActiveCfg = Debug|Any CPU
		{B8FAB1D9-50AF-48DA-8B99-09C0B8ED7706}.Debug|Any CPU.Build.0 = Debug|Any CPU
		{B8FAB1D9-50AF-48DA-8B99-09C0B8ED7706}.Release|Any CPU.ActiveCfg = Release|Any CPU
		{B8FAB1D9-50AF-48DA-8B99-09C0B8ED7706}.Release|Any CPU.Build.0 = Release|Any CPU
		{48E3A58A-1BC7-4B01-8E5A-CA170FFC2B60}.Debug|Any CPU.ActiveCfg = Debug|Any CPU
		{48E3A58A-1BC7-4B01-8E5A-CA170FFC2B60}.Debug|Any CPU.Build.0 = Debug|Any CPU
		{48E3A58A-1BC7-4B01-8E5A-CA170FFC2B60}.Release|Any CPU.ActiveCfg = Release|Any CPU
		{48E3A58A-1BC7-4B01-8E5A-CA170FFC2B60}.Release|Any CPU.Build.0 = Release|Any CPU
		{25A2045B-8263-4E40-8FF9-1E0413CEAB1F}.Debug|Any CPU.ActiveCfg = Debug|Any CPU
		{25A2045B-8263-4E40-8FF9-1E0413CEAB1F}.Debug|Any CPU.Build.0 = Debug|Any CPU
		{25A2045B-8263-4E40-8FF9-1E0413CEAB1F}.Release|Any CPU.ActiveCfg = Release|Any CPU
		{25A2045B-8263-4E40-8FF9-1E0413CEAB1F}.Release|Any CPU.Build.0 = Release|Any CPU
	EndGlobalSection
	GlobalSection(SolutionProperties) = preSolution
		HideSolutionNode = FALSE
	EndGlobalSection
EndGlobal
